
Microsoft Visual Studio Solution File, Format Version 12.00
# Visual Studio Version 17
VisualStudioVersion = 17.11.35219.272
MinimumVisualStudioVersion = 10.0.40219.1
Project("{FAE04EC0-301F-11D3-BF4B-00C04F79EFBC}") = "MTAProject", "MTAProject\MTAProject.csproj", "{58380814-8912-4DD6-8E7A-B3849C3B2185}"
EndProject
Global
	GlobalSection(SolutionConfigurationPlatforms) = preSolution
		Debug|Any CPU = Debug|Any CPU
		Release|Any CPU = Release|Any CPU
	EndGlobalSection
	GlobalSection(ProjectConfigurationPlatforms) = postSolution
		{58380814-8912-4DD6-8E7A-B3849C3B2185}.Debug|Any CPU.ActiveCfg = Debug|Any CPU
		{58380814-8912-4DD6-8E7A-B3849C3B2185}.Debug|Any CPU.Build.0 = Debug|Any CPU
		{58380814-8912-4DD6-8E7A-B3849C3B2185}.Release|Any CPU.ActiveCfg = Release|Any CPU
		{58380814-8912-4DD6-8E7A-B3849C3B2185}.Release|Any CPU.Build.0 = Release|Any CPU
	EndGlobalSection
	GlobalSection(SolutionProperties) = preSolution
		HideSolutionNode = FALSE
	EndGlobalSection
	GlobalSection(ExtensibilityGlobals) = postSolution
		SolutionGuid = {0212FC5D-42E6-4DB6-BEC9-D73FDAA0B372}
	EndGlobalSection
EndGlobal
